
Microsoft Visual Studio Solution File, Format Version 12.00
# Visual Studio Version 17
VisualStudioVersion = 17.7.34031.279
MinimumVisualStudioVersion = 10.0.40219.1
Project("{FAE04EC0-301F-11D3-BF4B-00C04F79EFBC}") = "Final_244", "Final_244\Final_244.csproj", "{FA0F0257-D5C4-47EA-A376-D1CF0331522B}"
EndProject
Global
	GlobalSection(SolutionConfigurationPlatforms) = preSolution
		Debug|Any CPU = Debug|Any CPU
		Release|Any CPU = Release|Any CPU
	EndGlobalSection
	GlobalSection(ProjectConfigurationPlatforms) = postSolution
		{FA0F0257-D5C4-47EA-A376-D1CF0331522B}.Debug|Any CPU.ActiveCfg = Debug|Any CPU
		{FA0F0257-D5C4-47EA-A376-D1CF0331522B}.Debug|Any CPU.Build.0 = Debug|Any CPU
		{FA0F0257-D5C4-47EA-A376-D1CF0331522B}.Release|Any CPU.ActiveCfg = Release|Any CPU
		{FA0F0257-D5C4-47EA-A376-D1CF0331522B}.Release|Any CPU.Build.0 = Release|Any CPU
	EndGlobalSection
	GlobalSection(SolutionProperties) = preSolution
		HideSolutionNode = FALSE
	EndGlobalSection
	GlobalSection(ExtensibilityGlobals) = postSolution
		SolutionGuid = {65F0A31A-9AD9-43B8-A17E-EA4887780858}
	EndGlobalSection
EndGlobal
